
Microsoft Visual Studio Solution File, Format Version 12.00
# Visual Studio Version 16
VisualStudioVersion = 16.0.30320.27
MinimumVisualStudioVersion = 10.0.40219.1
Project("{8BC9CEB8-8B4A-11D0-8D11-00A0C91BC942}") = "package", "package.vcxproj", "{95F44153-BFA6-4F4C-9D02-EF118DE7F906}"
EndProject
Global
	GlobalSection(SolutionConfigurationPlatforms) = preSolution
		Debug|x64 = Debug|x64
		Debug|x86 = Debug|x86
		Release|x64 = Release|x64
		Release|x86 = Release|x86
	EndGlobalSection
	GlobalSection(ProjectConfigurationPlatforms) = postSolution
		{95F44153-BFA6-4F4C-9D02-EF118DE7F906}.Debug|x64.ActiveCfg = Debug|x64
		{95F44153-BFA6-4F4C-9D02-EF118DE7F906}.Debug|x64.Build.0 = Debug|x64
		{95F44153-BFA6-4F4C-9D02-EF118DE7F906}.Debug|x86.ActiveCfg = Debug|Win32
		{95F44153-BFA6-4F4C-9D02-EF118DE7F906}.Debug|x86.Build.0 = Debug|Win32
		{95F44153-BFA6-4F4C-9D02-EF118DE7F906}.Release|x64.ActiveCfg = Release|x64
		{95F44153-BFA6-4F4C-9D02-EF118DE7F906}.Release|x64.Build.0 = Release|x64
		{95F44153-BFA6-4F4C-9D02-EF118DE7F906}.Release|x86.ActiveCfg = Release|Win32
		{95F44153-BFA6-4F4C-9D02-EF118DE7F906}.Release|x86.Build.0 = Release|Win32
	EndGlobalSection
	GlobalSection(SolutionProperties) = preSolution
		HideSolutionNode = FALSE
	EndGlobalSection
	GlobalSection(ExtensibilityGlobals) = postSolution
		SolutionGuid = {E2893163-37D2-467D-AEE0-72EE56C736F2}
	EndGlobalSection
EndGlobal
